PODS:
  - Flutter (1.0.0)
  - flutter_funding_choices (1.4.0):
    - Flutter
    - GoogleUserMessagingPlatform (~> 3.0.0)
  - GoogleUserMessagingPlatform (3.0.0)

DEPENDENCIES:
  - Flutter (from `Flutter`)
  - flutter_funding_choices (from `.symlinks/plugins/flutter_funding_choices/ios`)

SPEC REPOS:
  trunk:
    - GoogleUserMessagingPlatform

EXTERNAL SOURCES:
  Flutter:
    :path: Flutter
  flutter_funding_choices:
    :path: ".symlinks/plugins/flutter_funding_choices/ios"

SPEC CHECKSUMS:
  Flutter: e0871f40cf51350855a761d2e70bf5af5b9b5de7
  flutter_funding_choices: db717abffc3ced9c82d73d43563b3ae5775809d0
  GoogleUserMessagingPlatform: f8d0cdad3ca835406755d0a69aa634f00e76d576

PODFILE CHECKSUM: 6998435987a000fdec9b2e1b5b1eef6d54bdba77

COCOAPODS: 1.16.2
