PODS:
  - Flutter (1.0.0)
  - flutter_funding_choices (0.0.1):
    - Flutter
    - GoogleUserMessagingPlatform (~> 2.2.0)
  - GoogleUserMessagingPlatform (2.2.0)

DEPENDENCIES:
  - Flutter (from `Flutter`)
  - flutter_funding_choices (from `.symlinks/plugins/flutter_funding_choices/ios`)

SPEC REPOS:
  trunk:
    - GoogleUserMessagingPlatform

EXTERNAL SOURCES:
  Flutter:
    :path: Flutter
  flutter_funding_choices:
    :path: ".symlinks/plugins/flutter_funding_choices/ios"

SPEC CHECKSUMS:
  Flutter: e0871f40cf51350855a761d2e70bf5af5b9b5de7
  flutter_funding_choices: eee2a5e9e7c7bc6dc2cc75d0e4947194ffe62a98
  GoogleUserMessagingPlatform: d31dbfb40ec02c5d9683029815c5d5a7f46389ee

PODFILE CHECKSUM: 4e8f8b2be68aeea4c0d5beb6ff1e79fface1d048

COCOAPODS: 1.15.0
